
Microsoft Visual Studio Solution File, Format Version 12.00
# Visual Studio Version 17
VisualStudioVersion = 17.11.35312.102
MinimumVisualStudioVersion = 10.0.40219.1
Project("{FAE04EC0-301F-11D3-BF4B-00C04F79EFBC}") = "AppHost", "AppHost\AppHost.csproj", "{F4C301C8-6942-4136-BEFF-B2F3A26E600B}"
EndProject
Global
	GlobalSection(SolutionConfigurationPlatforms) = preSolution
		Debug|Any CPU = Debug|Any CPU
		Release|Any CPU = Release|Any CPU
	EndGlobalSection
	GlobalSection(ProjectConfigurationPlatforms) = postSolution
		{F4C301C8-6942-4136-BEFF-B2F3A26E600B}.Debug|Any CPU.ActiveCfg = Debug|Any CPU
		{F4C301C8-6942-4136-BEFF-B2F3A26E600B}.Debug|Any CPU.Build.0 = Debug|Any CPU
		{F4C301C8-6942-4136-BEFF-B2F3A26E600B}.Release|Any CPU.ActiveCfg = Release|Any CPU
		{F4C301C8-6942-4136-BEFF-B2F3A26E600B}.Release|Any CPU.Build.0 = Release|Any CPU
	EndGlobalSection
	GlobalSection(SolutionProperties) = preSolution
		HideSolutionNode = FALSE
	EndGlobalSection
	GlobalSection(ExtensibilityGlobals) = postSolution
		SolutionGuid = {683CE46A-BD76-452E-ADBF-78B456BC17B7}
	EndGlobalSection
EndGlobal
